
Microsoft Visual Studio Solution File, Format Version 12.00
# Visual Studio Version 16
VisualStudioVersion = 16.0.31729.503
MinimumVisualStudioVersion = 10.0.40219.1
Project("{FAE04EC0-301F-11D3-BF4B-00C04F79EFBC}") = "SQLiteClient", "SQLiteClient\SQLiteClient.csproj", "{94E17560-3041-41AE-A5C2-65A7C0B08BED}"
EndProject
Global
	GlobalSection(SolutionConfigurationPlatforms) = preSolution
		Debug|Any CPU = Debug|Any CPU
		Release|Any CPU = Release|Any CPU
	EndGlobalSection
	GlobalSection(ProjectConfigurationPlatforms) = postSolution
		{94E17560-3041-41AE-A5C2-65A7C0B08BED}.Debug|Any CPU.ActiveCfg = Debug|Any CPU
		{94E17560-3041-41AE-A5C2-65A7C0B08BED}.Debug|Any CPU.Build.0 = Debug|Any CPU
		{94E17560-3041-41AE-A5C2-65A7C0B08BED}.Release|Any CPU.ActiveCfg = Release|Any CPU
		{94E17560-3041-41AE-A5C2-65A7C0B08BED}.Release|Any CPU.Build.0 = Release|Any CPU
	EndGlobalSection
	GlobalSection(SolutionProperties) = preSolution
		HideSolutionNode = FALSE
	EndGlobalSection
	GlobalSection(ExtensibilityGlobals) = postSolution
		SolutionGuid = {B1551FFC-8E86-4F74-A74C-5E80D894EDCE}
	EndGlobalSection
EndGlobal
